Microsoft Visual Studio Solution File, Format Version 12.00
# Visual Studio Version 16
VisualStudioVersion = 16.0.30114.105
MinimumVisualStudioVersion = 10.0.40219.1
Project("{FAE04EC0-301F-11D3-BF4B-00C04F79EFBC}") = "C# Platformer", "C# Platformer.csproj", "{5EEE6420-548D-4219-AAEC-56F742FF922B}"
EndProject
Global
	GlobalSection(SolutionConfigurationPlatforms) = preSolution
		Debug|Any CPU = Debug|Any CPU
		ExportDebug|Any CPU = ExportDebug|Any CPU
		ExportRelease|Any CPU = ExportRelease|Any CPU
		TestExport|Any CPU = TestExport|Any CPU
	EndGlobalSection
	GlobalSection(ProjectConfigurationPlatforms) = postSolution
		{5EEE6420-548D-4219-AAEC-56F742FF922B}.Debug|Any CPU.ActiveCfg = Debug|Any CPU
		{5EEE6420-548D-4219-AAEC-56F742FF922B}.Debug|Any CPU.Build.0 = Debug|Any CPU
		{5EEE6420-548D-4219-AAEC-56F742FF922B}.ExportDebug|Any CPU.ActiveCfg = ExportDebug|Any CPU
		{5EEE6420-548D-4219-AAEC-56F742FF922B}.ExportDebug|Any CPU.Build.0 = ExportDebug|Any CPU
		{5EEE6420-548D-4219-AAEC-56F742FF922B}.ExportRelease|Any CPU.ActiveCfg = ExportRelease|Any CPU
		{5EEE6420-548D-4219-AAEC-56F742FF922B}.ExportRelease|Any CPU.Build.0 = ExportRelease|Any CPU
		{5EEE6420-548D-4219-AAEC-56F742FF922B}.TestExport|Any CPU.ActiveCfg = TestExport|Any CPU
		{5EEE6420-548D-4219-AAEC-56F742FF922B}.TestExport|Any CPU.Build.0 = TestExport|Any CPU
	EndGlobalSection
	GlobalSection(SolutionProperties) = preSolution
		HideSolutionNode = FALSE
	EndGlobalSection
	GlobalSection(ExtensibilityGlobals) = postSolution
		SolutionGuid = {3A6F390E-1FEA-4DF5-B895-9373622309E2}
	EndGlobalSection
EndGlobal
