Microsoft Visual Studio Solution File, Format Version 12.00
# Visual Studio Version 16
VisualStudioVersion = 16.0.30114.105
MinimumVisualStudioVersion = 10.0.40219.1
Project("{FAE04EC0-301F-11D3-BF4B-00C04F79EFBC}") = "C# Platformer", "C# Platformer.csproj", "{DAD15347-6DD0-4EBE-8147-5A0D05700E80}"
EndProject
Global
	GlobalSection(SolutionConfigurationPlatforms) = preSolution
		Debug|Any CPU = Debug|Any CPU
		ExportDebug|Any CPU = ExportDebug|Any CPU
		ExportRelease|Any CPU = ExportRelease|Any CPU
		TestExport|Any CPU = TestExport|Any CPU
	EndGlobalSection
	GlobalSection(ProjectConfigurationPlatforms) = postSolution
		{DAD15347-6DD0-4EBE-8147-5A0D05700E80}.Debug|Any CPU.ActiveCfg = Debug|Any CPU
		{DAD15347-6DD0-4EBE-8147-5A0D05700E80}.Debug|Any CPU.Build.0 = Debug|Any CPU
		{DAD15347-6DD0-4EBE-8147-5A0D05700E80}.ExportDebug|Any CPU.ActiveCfg = ExportDebug|Any CPU
		{DAD15347-6DD0-4EBE-8147-5A0D05700E80}.ExportDebug|Any CPU.Build.0 = ExportDebug|Any CPU
		{DAD15347-6DD0-4EBE-8147-5A0D05700E80}.ExportRelease|Any CPU.ActiveCfg = ExportRelease|Any CPU
		{DAD15347-6DD0-4EBE-8147-5A0D05700E80}.ExportRelease|Any CPU.Build.0 = ExportRelease|Any CPU
		{DAD15347-6DD0-4EBE-8147-5A0D05700E80}.TestExport|Any CPU.ActiveCfg = ExportRelease|Any CPU
		{DAD15347-6DD0-4EBE-8147-5A0D05700E80}.TestExport|Any CPU.Build.0 = ExportRelease|Any CPU
	EndGlobalSection
	GlobalSection(SolutionProperties) = preSolution
		HideSolutionNode = FALSE
	EndGlobalSection
	GlobalSection(ExtensibilityGlobals) = postSolution
		SolutionGuid = {3A6F390E-1FEA-4DF5-B895-9373622309E2}
	EndGlobalSection
EndGlobal
